<?xml version="1.0" encoding="utf-8"?>
<Project ToolsVersion="4.0" xmlns="http://schemas.microsoft.com/developer/msbuild/2003">
  <ItemGroup>
    <Filter Include="Pliki źródłowe">
      <UniqueIdentifier>{4FC737F1-C7A5-4376-A066-2A32D752A2FF}</UniqueIdentifier>
      <Extensions>cpp;c;cc;cxx;def;odl;idl;hpj;bat;asm;asmx</Extensions>
    </Filter>
    <Filter Include="Pliki nagłówkowe">
      <UniqueIdentifier>{93995380-89BD-4b04-88EB-625FBE52EBFB}</UniqueIdentifier>
      <Extensions>h;hh;hpp;hxx;hm;inl;inc;ipp;xsd</Extensions>
    </Filter>
    <Filter Include="Pliki zasobów">
      <UniqueIdentifier>{67DA6AB6-F800-4c08-8B7A-83BB121AAD01}</UniqueIdentifier>
      <Extensions>rc;ico;cur;bmp;dlg;rc2;rct;bin;rgs;gif;jpg;jpeg;jpe;resx;tiff;tif;png;wav;mfcribbon-ms</Extensions>
    </Filter>
    <Filter Include="physics">
      <UniqueIdentifier>{a05c5ec4-6244-445b-a095-ccf8596daf48}</UniqueIdentifier>
    </Filter>
    <Filter Include="game engine">
      <UniqueIdentifier>{1b919822-14a4-4598-a99f-b2b0b3777b22}</UniqueIdentifier>
    </Filter>
    <Filter Include="scripts">
      <UniqueIdentifier>{536ce6f5-2a72-4a90-b20d-56750a704ec2}</UniqueIdentifier>
    </Filter>
    <Filter Include="renderer">
      <UniqueIdentifier>{cc9d0a5b-d7fa-4a81-bcf1-78748277aff5}</UniqueIdentifier>
    </Filter>
    <Filter Include="scene_loader">
      <UniqueIdentifier>{a610bf80-1c66-4e9f-966f-2e8047b4020f}</UniqueIdentifier>
    </Filter>
    <Filter Include="input_system">
      <UniqueIdentifier>{91d1e991-82e6-4553-aeca-8176b8d302be}</UniqueIdentifier>
    </Filter>
    <Filter Include="ui_system">
      <UniqueIdentifier>{e7529b1c-5283-4fc3-9c86-a31b71a475b5}</UniqueIdentifier>
    </Filter>
    <Filter Include="scene_loader\gates_test">
      <UniqueIdentifier>{be85c351-2489-475d-ab21-c71ad0ba4194}</UniqueIdentifier>
    </Filter>
  </ItemGroup>
  <ItemGroup>
    <ClInclude Include="allmodels.h">
      <Filter>Pliki nagłówkowe</Filter>
    </ClInclude>
    <ClInclude Include="constants.h">
      <Filter>Pliki nagłówkowe</Filter>
    </ClInclude>
    <ClInclude Include="cube.h">
      <Filter>Pliki nagłówkowe</Filter>
    </ClInclude>
    <ClInclude Include="lodepng.h">
      <Filter>Pliki nagłówkowe</Filter>
    </ClInclude>
    <ClInclude Include="sphere.h">
      <Filter>Pliki nagłówkowe</Filter>
    </ClInclude>
    <ClInclude Include="teapot.h">
      <Filter>Pliki nagłówkowe</Filter>
    </ClInclude>
    <ClInclude Include="torus.h">
      <Filter>Pliki nagłówkowe</Filter>
    </ClInclude>
    <ClInclude Include="shaderprogram.h">
      <Filter>Pliki nagłówkowe</Filter>
    </ClInclude>
    <ClInclude Include="myCube.h">
      <Filter>Pliki nagłówkowe</Filter>
    </ClInclude>
    <ClInclude Include="physics.h">
      <Filter>physics</Filter>
    </ClInclude>
    <ClInclude Include="engine.h">
      <Filter>game engine</Filter>
    </ClInclude>
    <ClInclude Include="game_script.h">
      <Filter>game engine</Filter>
    </ClInclude>
    <ClInclude Include="renderer.h">
      <Filter>renderer</Filter>
    </ClInclude>
    <ClInclude Include="fly_cam.h">
      <Filter>scripts</Filter>
    </ClInclude>
    <ClInclude Include="player_script.h">
      <Filter>scripts</Filter>
    </ClInclude>
    <ClInclude Include="rigidbody.h">
      <Filter>physics</Filter>
    </ClInclude>
    <ClInclude Include="event_subscription_list.h">
      <Filter>game engine</Filter>
    </ClInclude>
    <ClInclude Include="scripts_system.h">
      <Filter>game engine</Filter>
    </ClInclude>
    <ClInclude Include="time_system.h">
      <Filter>game engine</Filter>
    </ClInclude>
    <ClInclude Include="timer.h">
      <Filter>game engine</Filter>
    </ClInclude>
    <ClInclude Include="scene_loader.h">
      <Filter>scene_loader</Filter>
    </ClInclude>
    <ClInclude Include="collision_testing.h">
      <Filter>physics</Filter>
    </ClInclude>
    <ClInclude Include="transform.h">
      <Filter>game engine</Filter>
    </ClInclude>
    <ClInclude Include="gameplay_manager.h">
      <Filter>scripts</Filter>
    </ClInclude>
    <ClInclude Include="wall.h">
      <Filter>scripts</Filter>
    </ClInclude>
    <ClInclude Include="key_bind.h">
      <Filter>input_system</Filter>
    </ClInclude>
    <ClInclude Include="axis.h">
      <Filter>input_system</Filter>
    </ClInclude>
    <ClInclude Include="input_system.h">
      <Filter>input_system</Filter>
    </ClInclude>
    <ClInclude Include="physics_object.h">
      <Filter>scripts</Filter>
    </ClInclude>
    <ClInclude Include="projectile.h">
      <Filter>scripts</Filter>
    </ClInclude>
    <ClInclude Include="object_subscription_list.h">
      <Filter>game engine</Filter>
    </ClInclude>
    <ClInclude Include="entity.h">
      <Filter>scripts</Filter>
    </ClInclude>
    <ClInclude Include="ui_system.h">
      <Filter>ui_system</Filter>
    </ClInclude>
    <ClInclude Include="ui_visual.h">
      <Filter>ui_system</Filter>
    </ClInclude>
    <ClInclude Include="player_ui.h">
      <Filter>scripts</Filter>
    </ClInclude>
    <ClInclude Include="ui_text.h">
      <Filter>ui_system</Filter>
    </ClInclude>
    <ClInclude Include="ui_image.h">
      <Filter>ui_system</Filter>
    </ClInclude>
    <ClInclude Include="damage_number.h">
      <Filter>scripts</Filter>
    </ClInclude>
    <ClInclude Include="homing_projectile.h">
      <Filter>scripts</Filter>
    </ClInclude>
    <ClInclude Include="model_.h">
      <Filter>Pliki nagłówkowe</Filter>
    </ClInclude>
    <ClInclude Include="constant_model.h">
      <Filter>renderer</Filter>
    </ClInclude>
    <ClInclude Include="lambert_model.h">
      <Filter>renderer</Filter>
    </ClInclude>
    <ClInclude Include="lambert_textured_model.h">
      <Filter>renderer</Filter>
    </ClInclude>
    <ClInclude Include="mesh.h">
      <Filter>renderer</Filter>
    </ClInclude>
    <ClInclude Include="model.h">
      <Filter>renderer</Filter>
    </ClInclude>
    <ClInclude Include="pbr_model.h">
      <Filter>renderer</Filter>
    </ClInclude>
    <ClInclude Include="textures.h">
      <Filter>renderer</Filter>
    </ClInclude>
    <ClInclude Include="model_script.h">
      <Filter>renderer</Filter>
    </ClInclude>
    <ClInclude Include="weapon.h">
      <Filter>scripts</Filter>
    </ClInclude>
    <ClInclude Include="projectile_damage_gun.h">
      <Filter>scripts</Filter>
    </ClInclude>
    <ClInclude Include="power_cube.h">
      <Filter>scripts</Filter>
    </ClInclude>
    <ClInclude Include="hit_scan_damage_gun.h">
      <Filter>scripts</Filter>
    </ClInclude>
    <ClInclude Include="dummy.h">
      <Filter>scripts</Filter>
    </ClInclude>
    <ClInclude Include="random_t.h">
      <Filter>game engine</Filter>
    </ClInclude>
    <ClInclude Include="terminal.h">
      <Filter>scripts</Filter>
    </ClInclude>
    <ClInclude Include="level_gate.h">
      <Filter>scripts</Filter>
    </ClInclude>
    <ClInclude Include="collider_scripts.h">
      <Filter>scripts</Filter>
    </ClInclude>
    <ClInclude Include="enemy.h">
      <Filter>scripts</Filter>
    </ClInclude>
    <ClInclude Include="material.h">
      <Filter>Pliki nagłówkowe</Filter>
    </ClInclude>
    <ClInclude Include="enemy_generator.h">
      <Filter>scene_loader</Filter>
    </ClInclude>
    <ClInclude Include="camera.h">
      <Filter>renderer</Filter>
    </ClInclude>
    <ClInclude Include="spawn_points.h">
      <Filter>scripts</Filter>
    </ClInclude>
    <ClInclude Include="light.h">
      <Filter>renderer</Filter>
    </ClInclude>
    <ClInclude Include="crosshair_indicator.h">
      <Filter>scripts</Filter>
    </ClInclude>
  </ItemGroup>
  <ItemGroup>
    <ClCompile Include="cube.cpp">
      <Filter>Pliki źródłowe</Filter>
    </ClCompile>
    <ClCompile Include="lodepng.cpp">
      <Filter>Pliki źródłowe</Filter>
    </ClCompile>
    <ClCompile Include="main_file.cpp">
      <Filter>Pliki źródłowe</Filter>
    </ClCompile>
    <ClCompile Include="shaderprogram.cpp">
      <Filter>Pliki źródłowe</Filter>
    </ClCompile>
    <ClCompile Include="sphere.cpp">
      <Filter>Pliki źródłowe</Filter>
    </ClCompile>
    <ClCompile Include="teapot.cpp">
      <Filter>Pliki źródłowe</Filter>
    </ClCompile>
    <ClCompile Include="torus.cpp">
      <Filter>Pliki źródłowe</Filter>
    </ClCompile>
    <ClCompile Include="physics.cpp">
      <Filter>physics</Filter>
    </ClCompile>
    <ClCompile Include="engine.cpp">
      <Filter>game engine</Filter>
    </ClCompile>
    <ClCompile Include="renderer.cpp">
      <Filter>renderer</Filter>
    </ClCompile>
    <ClCompile Include="fly_cam.cpp">
      <Filter>scripts</Filter>
    </ClCompile>
    <ClCompile Include="player_script.cpp">
      <Filter>scripts</Filter>
    </ClCompile>
    <ClCompile Include="rigidbody.cpp">
      <Filter>physics</Filter>
    </ClCompile>
    <ClCompile Include="scripts_system.cpp">
      <Filter>game engine</Filter>
    </ClCompile>
    <ClCompile Include="time_system.cpp">
      <Filter>game engine</Filter>
    </ClCompile>
    <ClCompile Include="timer.cpp">
      <Filter>game engine</Filter>
    </ClCompile>
    <ClCompile Include="scene_loader.cpp">
      <Filter>scene_loader</Filter>
    </ClCompile>
    <ClCompile Include="collision_testing.cpp">
      <Filter>physics</Filter>
    </ClCompile>
    <ClCompile Include="transform.cpp">
      <Filter>game engine</Filter>
    </ClCompile>
    <ClCompile Include="gameplay_manager.cpp">
      <Filter>scripts</Filter>
    </ClCompile>
    <ClCompile Include="wall.cpp">
      <Filter>scripts</Filter>
    </ClCompile>
    <ClCompile Include="key_bind.cpp">
      <Filter>input_system</Filter>
    </ClCompile>
    <ClCompile Include="axis.cpp">
      <Filter>input_system</Filter>
    </ClCompile>
    <ClCompile Include="input_system.cpp">
      <Filter>input_system</Filter>
    </ClCompile>
    <ClCompile Include="projectile.cpp">
      <Filter>scripts</Filter>
    </ClCompile>
    <ClCompile Include="entity.cpp">
      <Filter>scripts</Filter>
    </ClCompile>
    <ClCompile Include="ui_system.cpp">
      <Filter>ui_system</Filter>
    </ClCompile>
    <ClCompile Include="ui_visual.cpp">
      <Filter>ui_system</Filter>
    </ClCompile>
    <ClCompile Include="player_ui.cpp">
      <Filter>scripts</Filter>
    </ClCompile>
    <ClCompile Include="game_script.cpp">
      <Filter>game engine</Filter>
    </ClCompile>
    <ClCompile Include="ui_text.cpp">
      <Filter>ui_system</Filter>
    </ClCompile>
    <ClCompile Include="ui_image.cpp">
      <Filter>ui_system</Filter>
    </ClCompile>
    <ClCompile Include="damage_number.cpp">
      <Filter>scripts</Filter>
    </ClCompile>
    <ClCompile Include="homing_projectile.cpp">
      <Filter>scripts</Filter>
    </ClCompile>
    <ClCompile Include="textures.cpp">
      <Filter>Pliki źródłowe</Filter>
    </ClCompile>
    <ClCompile Include="model_.cpp">
      <Filter>Pliki źródłowe</Filter>
    </ClCompile>
    <ClCompile Include="lambert_textured_model.cpp">
      <Filter>renderer</Filter>
    </ClCompile>
    <ClCompile Include="lambert_model.cpp">
      <Filter>renderer</Filter>
    </ClCompile>
    <ClCompile Include="constant_model.cpp">
      <Filter>renderer</Filter>
    </ClCompile>
    <ClCompile Include="model.cpp">
      <Filter>renderer</Filter>
    </ClCompile>
    <ClCompile Include="mesh.cpp">
      <Filter>renderer</Filter>
    </ClCompile>
    <ClCompile Include="pbr_model.cpp">
      <Filter>renderer</Filter>
    </ClCompile>
    <ClCompile Include="model_script.cpp">
      <Filter>renderer</Filter>
    </ClCompile>
    <ClCompile Include="weapon.cpp">
      <Filter>scripts</Filter>
    </ClCompile>
    <ClCompile Include="projectile_damage_gun.cpp">
      <Filter>scripts</Filter>
    </ClCompile>
    <ClCompile Include="hit_scan_damage_gun.cpp">
      <Filter>scripts</Filter>
    </ClCompile>
    <ClCompile Include="power_cube.cpp">
      <Filter>scripts</Filter>
    </ClCompile>
    <ClCompile Include="dummy.cpp">
      <Filter>scripts</Filter>
    </ClCompile>
    <ClCompile Include="terminal.cpp">
      <Filter>scripts</Filter>
    </ClCompile>
    <ClCompile Include="level_gate.cpp">
      <Filter>scripts</Filter>
    </ClCompile>
    <ClCompile Include="collider_scripts.cpp">
      <Filter>scripts</Filter>
    </ClCompile>
    <ClCompile Include="enemy.cpp">
      <Filter>scripts</Filter>
    </ClCompile>
    <ClCompile Include="enemy_generator.cpp">
      <Filter>scene_loader</Filter>
    </ClCompile>
    <ClCompile Include="camera.cpp">
      <Filter>renderer</Filter>
    </ClCompile>
    <ClCompile Include="spawn_points.cpp">
      <Filter>scripts</Filter>
    </ClCompile>
    <ClCompile Include="light.cpp">
      <Filter>renderer</Filter>
    </ClCompile>
    <ClCompile Include="crosshair_indicator.cpp">
      <Filter>scripts</Filter>
    </ClCompile>
  </ItemGroup>
  <ItemGroup>
    <None Include="f_constant.glsl">
      <Filter>Pliki zasobów</Filter>
    </None>
    <None Include="f_colored.glsl">
      <Filter>Pliki zasobów</Filter>
    </None>
    <None Include="f_lambert.glsl">
      <Filter>Pliki zasobów</Filter>
    </None>
    <None Include="f_lamberttextured.glsl">
      <Filter>Pliki zasobów</Filter>
    </None>
    <None Include="f_textured.glsl">
      <Filter>Pliki zasobów</Filter>
    </None>
    <None Include="v_constant.glsl">
      <Filter>Pliki zasobów</Filter>
    </None>
    <None Include="v_colored.glsl">
      <Filter>Pliki zasobów</Filter>
    </None>
    <None Include="v_lambert.glsl">
      <Filter>Pliki zasobów</Filter>
    </None>
    <None Include="v_lamberttextured.glsl">
      <Filter>Pliki zasobów</Filter>
    </None>
    <None Include="v_textured.glsl">
      <Filter>Pliki zasobów</Filter>
    </None>
    <None Include="models.JSON">
      <Filter>renderer</Filter>
    </None>
    <None Include="example_scene.json">
      <Filter>scene_loader</Filter>
    </None>
    <None Include="example_scene2.json">
      <Filter>scene_loader</Filter>
    </None>
    <None Include="initial_scene.json">
      <Filter>scene_loader</Filter>
    </None>
    <None Include="example_scene3.json">
      <Filter>scene_loader</Filter>
    </None>
    <None Include="physics_testing_scene.json">
      <Filter>physics</Filter>
    </None>
    <None Include="v_ui.glsl">
      <Filter>ui_system</Filter>
    </None>
    <None Include="f_ui.glsl">
      <Filter>ui_system</Filter>
    </None>
    <None Include="f_pbr.glsl">
      <Filter>renderer</Filter>
    </None>
    <None Include="v_pbr.glsl">
      <Filter>renderer</Filter>
    </None>
    <None Include="dummy_scene.json">
      <Filter>scene_loader</Filter>
    </None>
    <None Include="gates_test00.json">
      <Filter>scene_loader\gates_test</Filter>
    </None>
    <None Include="gates_test01.json">
      <Filter>scene_loader\gates_test</Filter>
    </None>
    <None Include="gates_test02.json">
      <Filter>scene_loader\gates_test</Filter>
    </None>
    <None Include="gates_test03.json">
      <Filter>scene_loader\gates_test</Filter>
    </None>
    <None Include="gates_test11.json">
      <Filter>scene_loader\gates_test</Filter>
    </None>
    <None Include="gates_test-11.json">
      <Filter>scene_loader\gates_test</Filter>
    </None>
    <None Include="gates_test.json">
      <Filter>scene_loader\gates_test</Filter>
    </None>
    <None Include="v_phong.glsl">
      <Filter>renderer</Filter>
    </None>
    <None Include="f_phong.glsl">
      <Filter>renderer</Filter>
    </None>
  </ItemGroup>
</Project>