<?xml version="1.0" encoding="utf-8"?>
<Project ToolsVersion="4.0" xmlns="http://schemas.microsoft.com/developer/msbuild/2003">
  <ItemGroup>
    <Filter Include="Pliki źródłowe">
      <UniqueIdentifier>{4FC737F1-C7A5-4376-A066-2A32D752A2FF}</UniqueIdentifier>
      <Extensions>cpp;c;cc;cxx;def;odl;idl;hpj;bat;asm;asmx</Extensions>
    </Filter>
    <Filter Include="Pliki nagłówkowe">
      <UniqueIdentifier>{93995380-89BD-4b04-88EB-625FBE52EBFB}</UniqueIdentifier>
      <Extensions>h;hh;hpp;hxx;hm;inl;inc;ipp;xsd</Extensions>
    </Filter>
    <Filter Include="Pliki zasobów">
      <UniqueIdentifier>{67DA6AB6-F800-4c08-8B7A-83BB121AAD01}</UniqueIdentifier>
      <Extensions>rc;ico;cur;bmp;dlg;rc2;rct;bin;rgs;gif;jpg;jpeg;jpe;resx;tiff;tif;png;wav;mfcribbon-ms</Extensions>
    </Filter>
    <Filter Include="physics">
      <UniqueIdentifier>{a05c5ec4-6244-445b-a095-ccf8596daf48}</UniqueIdentifier>
    </Filter>
    <Filter Include="game engine">
      <UniqueIdentifier>{1b919822-14a4-4598-a99f-b2b0b3777b22}</UniqueIdentifier>
    </Filter>
    <Filter Include="scripts">
      <UniqueIdentifier>{536ce6f5-2a72-4a90-b20d-56750a704ec2}</UniqueIdentifier>
    </Filter>
    <Filter Include="renderer">
      <UniqueIdentifier>{cc9d0a5b-d7fa-4a81-bcf1-78748277aff5}</UniqueIdentifier>
    </Filter>
    <Filter Include="scene_loader">
      <UniqueIdentifier>{a610bf80-1c66-4e9f-966f-2e8047b4020f}</UniqueIdentifier>
    </Filter>
    <Filter Include="input_system">
      <UniqueIdentifier>{91d1e991-82e6-4553-aeca-8176b8d302be}</UniqueIdentifier>
    </Filter>
  </ItemGroup>
  <ItemGroup>
    <ClInclude Include="allmodels.h">
      <Filter>Pliki nagłówkowe</Filter>
    </ClInclude>
    <ClInclude Include="constants.h">
      <Filter>Pliki nagłówkowe</Filter>
    </ClInclude>
    <ClInclude Include="cube.h">
      <Filter>Pliki nagłówkowe</Filter>
    </ClInclude>
    <ClInclude Include="lodepng.h">
      <Filter>Pliki nagłówkowe</Filter>
    </ClInclude>
    <ClInclude Include="model.h">
      <Filter>Pliki nagłówkowe</Filter>
    </ClInclude>
    <ClInclude Include="sphere.h">
      <Filter>Pliki nagłówkowe</Filter>
    </ClInclude>
    <ClInclude Include="teapot.h">
      <Filter>Pliki nagłówkowe</Filter>
    </ClInclude>
    <ClInclude Include="torus.h">
      <Filter>Pliki nagłówkowe</Filter>
    </ClInclude>
    <ClInclude Include="shaderprogram.h">
      <Filter>Pliki nagłówkowe</Filter>
    </ClInclude>
    <ClInclude Include="myCube.h">
      <Filter>Pliki nagłówkowe</Filter>
    </ClInclude>
    <ClInclude Include="physics.h">
      <Filter>physics</Filter>
    </ClInclude>
    <ClInclude Include="engine.h">
      <Filter>game engine</Filter>
    </ClInclude>
    <ClInclude Include="game_script.h">
      <Filter>game engine</Filter>
    </ClInclude>
    <ClInclude Include="renderer.h">
      <Filter>renderer</Filter>
    </ClInclude>
    <ClInclude Include="fly_cam.h">
      <Filter>scripts</Filter>
    </ClInclude>
    <ClInclude Include="player_script.h">
      <Filter>scripts</Filter>
    </ClInclude>
    <ClInclude Include="rigidbody.h">
      <Filter>physics</Filter>
    </ClInclude>
    <ClInclude Include="event_subscription_list.h">
      <Filter>game engine</Filter>
    </ClInclude>
    <ClInclude Include="scripts_system.h">
      <Filter>game engine</Filter>
    </ClInclude>
    <ClInclude Include="time_system.h">
      <Filter>game engine</Filter>
    </ClInclude>
    <ClInclude Include="timer.h">
      <Filter>game engine</Filter>
    </ClInclude>
    <ClInclude Include="scene_loader.h">
      <Filter>scene_loader</Filter>
    </ClInclude>
    <ClInclude Include="collision_testing.h">
      <Filter>physics</Filter>
    </ClInclude>
    <ClInclude Include="transform.h">
      <Filter>game engine</Filter>
    </ClInclude>
    <ClInclude Include="gameplay_manager.h">
      <Filter>scripts</Filter>
    </ClInclude>
    <ClInclude Include="wall.h">
      <Filter>scripts</Filter>
    </ClInclude>
    <ClInclude Include="key_bind.h">
      <Filter>input_system</Filter>
    </ClInclude>
    <ClInclude Include="axis.h">
      <Filter>input_system</Filter>
    </ClInclude>
    <ClInclude Include="input_system.h">
      <Filter>input_system</Filter>
    </ClInclude>
  </ItemGroup>
  <ItemGroup>
    <ClCompile Include="cube.cpp">
      <Filter>Pliki źródłowe</Filter>
    </ClCompile>
    <ClCompile Include="lodepng.cpp">
      <Filter>Pliki źródłowe</Filter>
    </ClCompile>
    <ClCompile Include="main_file.cpp">
      <Filter>Pliki źródłowe</Filter>
    </ClCompile>
    <ClCompile Include="model.cpp">
      <Filter>Pliki źródłowe</Filter>
    </ClCompile>
    <ClCompile Include="shaderprogram.cpp">
      <Filter>Pliki źródłowe</Filter>
    </ClCompile>
    <ClCompile Include="sphere.cpp">
      <Filter>Pliki źródłowe</Filter>
    </ClCompile>
    <ClCompile Include="teapot.cpp">
      <Filter>Pliki źródłowe</Filter>
    </ClCompile>
    <ClCompile Include="torus.cpp">
      <Filter>Pliki źródłowe</Filter>
    </ClCompile>
    <ClCompile Include="physics.cpp">
      <Filter>physics</Filter>
    </ClCompile>
    <ClCompile Include="engine.cpp">
      <Filter>game engine</Filter>
    </ClCompile>
    <ClCompile Include="renderer.cpp">
      <Filter>renderer</Filter>
    </ClCompile>
    <ClCompile Include="fly_cam.cpp">
      <Filter>scripts</Filter>
    </ClCompile>
    <ClCompile Include="player_script.cpp">
      <Filter>scripts</Filter>
    </ClCompile>
    <ClCompile Include="rigidbody.cpp">
      <Filter>physics</Filter>
    </ClCompile>
    <ClCompile Include="scripts_system.cpp">
      <Filter>game engine</Filter>
    </ClCompile>
    <ClCompile Include="time_system.cpp">
      <Filter>game engine</Filter>
    </ClCompile>
    <ClCompile Include="timer.cpp">
      <Filter>game engine</Filter>
    </ClCompile>
    <ClCompile Include="scene_loader.cpp">
      <Filter>scene_loader</Filter>
    </ClCompile>
    <ClCompile Include="collision_testing.cpp">
      <Filter>physics</Filter>
    </ClCompile>
    <ClCompile Include="transform.cpp">
      <Filter>game engine</Filter>
    </ClCompile>
    <ClCompile Include="gameplay_manager.cpp">
      <Filter>scripts</Filter>
    </ClCompile>
    <ClCompile Include="wall.cpp">
      <Filter>scripts</Filter>
    </ClCompile>
    <ClCompile Include="key_bind.cpp">
      <Filter>input_system</Filter>
    </ClCompile>
    <ClCompile Include="axis.cpp">
      <Filter>input_system</Filter>
    </ClCompile>
    <ClCompile Include="input_system.cpp">
      <Filter>input_system</Filter>
    </ClCompile>
  </ItemGroup>
  <ItemGroup>
    <None Include="f_constant.glsl">
      <Filter>Pliki zasobów</Filter>
    </None>
    <None Include="f_colored.glsl">
      <Filter>Pliki zasobów</Filter>
    </None>
    <None Include="f_lambert.glsl">
      <Filter>Pliki zasobów</Filter>
    </None>
    <None Include="f_lamberttextured.glsl">
      <Filter>Pliki zasobów</Filter>
    </None>
    <None Include="f_textured.glsl">
      <Filter>Pliki zasobów</Filter>
    </None>
    <None Include="v_constant.glsl">
      <Filter>Pliki zasobów</Filter>
    </None>
    <None Include="v_colored.glsl">
      <Filter>Pliki zasobów</Filter>
    </None>
    <None Include="v_lambert.glsl">
      <Filter>Pliki zasobów</Filter>
    </None>
    <None Include="v_lamberttextured.glsl">
      <Filter>Pliki zasobów</Filter>
    </None>
    <None Include="v_textured.glsl">
      <Filter>Pliki zasobów</Filter>
    </None>
    <None Include="models.JSON">
      <Filter>renderer</Filter>
    </None>
    <None Include="example_scene.json">
      <Filter>scene_loader</Filter>
    </None>
    <None Include="example_scene2.json">
      <Filter>scene_loader</Filter>
    </None>
    <None Include="initial_scene.json">
      <Filter>scene_loader</Filter>
    </None>
    <None Include="example_scene3.json">
      <Filter>scene_loader</Filter>
    </None>
  </ItemGroup>
</Project>